
Microsoft Visual Studio Solution File, Format Version 12.00
# Visual Studio 14
VisualStudioVersion = 14.0.22823.1
MinimumVisualStudioVersion = 10.0.40219.1
Project("{FAE04EC0-301F-11D3-BF4B-00C04F79EFBC}") = "StyleCop.Analyzers.Status.Generator", "StyleCop.Analyzers.Status.Generator\StyleCop.Analyzers.Status.Generator.csproj", "{9BF22A9E-9708-4AE4-A5C7-7A00AE4C8885}"
EndProject
Project("{FAE04EC0-301F-11D3-BF4B-00C04F79EFBC}") = "StyleCop.Analyzers.Status.Web", "StyleCop.Analyzers.Status.Web\StyleCop.Analyzers.Status.Web.csproj", "{361BA18C-5FB9-4F6D-9EF1-3CDA67D6A44C}"
EndProject
Global
	GlobalSection(SolutionConfigurationPlatforms) = preSolution
		Debug|Any CPU = Debug|Any CPU
		Release|Any CPU = Release|Any CPU
	EndGlobalSection
	GlobalSection(ProjectConfigurationPlatforms) = postSolution
		{9BF22A9E-9708-4AE4-A5C7-7A00AE4C8885}.Debug|Any CPU.ActiveCfg = Debug|Any CPU
		{9BF22A9E-9708-4AE4-A5C7-7A00AE4C8885}.Debug|Any CPU.Build.0 = Debug|Any CPU
		{9BF22A9E-9708-4AE4-A5C7-7A00AE4C8885}.Release|Any CPU.ActiveCfg = Release|Any CPU
		{9BF22A9E-9708-4AE4-A5C7-7A00AE4C8885}.Release|Any CPU.Build.0 = Release|Any CPU
		{361BA18C-5FB9-4F6D-9EF1-3CDA67D6A44C}.Debug|Any CPU.ActiveCfg = Debug|Any CPU
		{361BA18C-5FB9-4F6D-9EF1-3CDA67D6A44C}.Debug|Any CPU.Build.0 = Debug|Any CPU
		{361BA18C-5FB9-4F6D-9EF1-3CDA67D6A44C}.Release|Any CPU.ActiveCfg = Release|Any CPU
		{361BA18C-5FB9-4F6D-9EF1-3CDA67D6A44C}.Release|Any CPU.Build.0 = Release|Any CPU
	EndGlobalSection
	GlobalSection(SolutionProperties) = preSolution
		HideSolutionNode = FALSE
	EndGlobalSection
EndGlobal
