
Microsoft Visual Studio Solution File, Format Version 12.00
# Visual Studio 14
VisualStudioVersion = 14.0.23107.0
MinimumVisualStudioVersion = 10.0.40219.1
Project("{FAE04EC0-301F-11D3-BF4B-00C04F79EFBC}") = "StyleCop.Analyzers", "StyleCop.Analyzers\StyleCop.Analyzers\StyleCop.Analyzers.csproj", "{3B052737-06CE-4182-AE0F-08EB82DFA73E}"
EndProject
Project("{2150E333-8FDC-42A3-9474-1A3956D46DE8}") = ".nuget", ".nuget", "{E359E48C-93DA-4C17-AA0E-94D4831BE5AB}"
	ProjectSection(SolutionItems) = preProject
		.nuget\packages.config = .nuget\packages.config
	EndProjectSection
EndProject
Project("{FAE04EC0-301F-11D3-BF4B-00C04F79EFBC}") = "StyleCop.Analyzers.Test", "StyleCop.Analyzers\StyleCop.Analyzers.Test\StyleCop.Analyzers.Test.csproj", "{3EB54B68-A7AA-45E8-A97B-A0746712140B}"
EndProject
Project("{FAE04EC0-301F-11D3-BF4B-00C04F79EFBC}") = "StyleCop.Analyzers.Vsix", "StyleCop.Analyzers\StyleCop.Analyzers.Vsix\StyleCop.Analyzers.Vsix.csproj", "{06BEBB30-AC91-4470-8930-22F7722A25E4}"
EndProject
Project("{2150E333-8FDC-42A3-9474-1A3956D46DE8}") = "Solution Items", "Solution Items", "{5F9532E9-B126-402A-B338-54431A4882B2}"
	ProjectSection(SolutionItems) = preProject
		appveyor.yml = appveyor.yml
		CONTRIBUTING.md = CONTRIBUTING.md
		LICENSE = LICENSE
		README.md = README.md
	EndProjectSection
EndProject
Project("{2150E333-8FDC-42A3-9474-1A3956D46DE8}") = "build", "build", "{A0840AD0-B615-487C-AEFF-9DCB691D037B}"
	ProjectSection(SolutionItems) = preProject
		build\build.ps1 = build\build.ps1
		build\check-key.ps1 = build\check-key.ps1
		build\keys.ps1 = build\keys.ps1
		build\push.ps1 = build\push.ps1
		build\version.ps1 = build\version.ps1
	EndProjectSection
EndProject
Project("{2150E333-8FDC-42A3-9474-1A3956D46DE8}") = "documentation", "documentation", "{19DD9E9D-877A-4492-9B7F-2E681DD58308}"
	ProjectSection(SolutionItems) = preProject
		documentation\Configuration.md = documentation\Configuration.md
		documentation\SA1000.md = documentation\SA1000.md
		documentation\SA1001.md = documentation\SA1001.md
		documentation\SA1002.md = documentation\SA1002.md
		documentation\SA1003.md = documentation\SA1003.md
		documentation\SA1004.md = documentation\SA1004.md
		documentation\SA1005.md = documentation\SA1005.md
		documentation\SA1006.md = documentation\SA1006.md
		documentation\SA1007.md = documentation\SA1007.md
		documentation\SA1008.md = documentation\SA1008.md
		documentation\SA1009.md = documentation\SA1009.md
		documentation\SA1010.md = documentation\SA1010.md
		documentation\SA1011.md = documentation\SA1011.md
		documentation\SA1012.md = documentation\SA1012.md
		documentation\SA1013.md = documentation\SA1013.md
		documentation\SA1014.md = documentation\SA1014.md
		documentation\SA1015.md = documentation\SA1015.md
		documentation\SA1016.md = documentation\SA1016.md
		documentation\SA1017.md = documentation\SA1017.md
		documentation\SA1018.md = documentation\SA1018.md
		documentation\SA1019.md = documentation\SA1019.md
		documentation\SA1020.md = documentation\SA1020.md
		documentation\SA1021.md = documentation\SA1021.md
		documentation\SA1022.md = documentation\SA1022.md
		documentation\SA1023.md = documentation\SA1023.md
		documentation\SA1024.md = documentation\SA1024.md
		documentation\SA1025.md = documentation\SA1025.md
		documentation\SA1026.md = documentation\SA1026.md
		documentation\SA1027.md = documentation\SA1027.md
		documentation\SA1028.md = documentation\SA1028.md
		documentation\SA1100.md = documentation\SA1100.md
		documentation\SA1101.md = documentation\SA1101.md
		documentation\SA1102.md = documentation\SA1102.md
		documentation\SA1103.md = documentation\SA1103.md
		documentation\SA1104.md = documentation\SA1104.md
		documentation\SA1105.md = documentation\SA1105.md
		documentation\SA1106.md = documentation\SA1106.md
		documentation\SA1107.md = documentation\SA1107.md
		documentation\SA1108.md = documentation\SA1108.md
		documentation\SA1109.md = documentation\SA1109.md
		documentation\SA1110.md = documentation\SA1110.md
		documentation\SA1111.md = documentation\SA1111.md
		documentation\SA1112.md = documentation\SA1112.md
		documentation\SA1113.md = documentation\SA1113.md
		documentation\SA1114.md = documentation\SA1114.md
		documentation\SA1115.md = documentation\SA1115.md
		documentation\SA1116.md = documentation\SA1116.md
		documentation\SA1117.md = documentation\SA1117.md
		documentation\SA1118.md = documentation\SA1118.md
		documentation\SA1119.md = documentation\SA1119.md
		documentation\SA1120.md = documentation\SA1120.md
		documentation\SA1121.md = documentation\SA1121.md
		documentation\SA1122.md = documentation\SA1122.md
		documentation\SA1123.md = documentation\SA1123.md
		documentation\SA1124.md = documentation\SA1124.md
		documentation\SA1125.md = documentation\SA1125.md
		documentation\SA1126.md = documentation\SA1126.md
		documentation\SA1127.md = documentation\SA1127.md
		documentation\SA1128.md = documentation\SA1128.md
		documentation\SA1129.md = documentation\SA1129.md
		documentation\SA1130.md = documentation\SA1130.md
		documentation\SA1131.md = documentation\SA1131.md
		documentation\SA1132.md = documentation\SA1132.md
		documentation\SA1133.md = documentation\SA1133.md
		documentation\SA1134.md = documentation\SA1134.md
		documentation\SA1200.md = documentation\SA1200.md
		documentation\SA1201.md = documentation\SA1201.md
		documentation\SA1202.md = documentation\SA1202.md
		documentation\SA1203.md = documentation\SA1203.md
		documentation\SA1204.md = documentation\SA1204.md
		documentation\SA1205.md = documentation\SA1205.md
		documentation\SA1206.md = documentation\SA1206.md
		documentation\SA1207.md = documentation\SA1207.md
		documentation\SA1208.md = documentation\SA1208.md
		documentation\SA1209.md = documentation\SA1209.md
		documentation\SA1210.md = documentation\SA1210.md
		documentation\SA1211.md = documentation\SA1211.md
		documentation\SA1212.md = documentation\SA1212.md
		documentation\SA1213.md = documentation\SA1213.md
		documentation\SA1214.md = documentation\SA1214.md
		documentation\SA1215.md = documentation\SA1215.md
		documentation\SA1216.md = documentation\SA1216.md
		documentation\SA1217.md = documentation\SA1217.md
		documentation\SA1300.md = documentation\SA1300.md
		documentation\SA1301.md = documentation\SA1301.md
		documentation\SA1302.md = documentation\SA1302.md
		documentation\SA1303.md = documentation\SA1303.md
		documentation\SA1304.md = documentation\SA1304.md
		documentation\SA1305.md = documentation\SA1305.md
		documentation\SA1306.md = documentation\SA1306.md
		documentation\SA1307.md = documentation\SA1307.md
		documentation\SA1308.md = documentation\SA1308.md
		documentation\SA1309.md = documentation\SA1309.md
		documentation\SA1310.md = documentation\SA1310.md
		documentation\SA1311.md = documentation\SA1311.md
		documentation\SA1312.md = documentation\SA1312.md
		documentation\SA1313.md = documentation\SA1313.md
		documentation\SA1400.md = documentation\SA1400.md
		documentation\SA1401.md = documentation\SA1401.md
		documentation\SA1402.md = documentation\SA1402.md
		documentation\SA1403.md = documentation\SA1403.md
		documentation\SA1404.md = documentation\SA1404.md
		documentation\SA1405.md = documentation\SA1405.md
		documentation\SA1406.md = documentation\SA1406.md
		documentation\SA1407.md = documentation\SA1407.md
		documentation\SA1408.md = documentation\SA1408.md
		documentation\SA1409.md = documentation\SA1409.md
		documentation\SA1410.md = documentation\SA1410.md
		documentation\SA1411.md = documentation\SA1411.md
		documentation\SA1412.md = documentation\SA1412.md
		documentation\SA1500.md = documentation\SA1500.md
		documentation\SA1501.md = documentation\SA1501.md
		documentation\SA1502.md = documentation\SA1502.md
		documentation\SA1503.md = documentation\SA1503.md
		documentation\SA1504.md = documentation\SA1504.md
		documentation\SA1505.md = documentation\SA1505.md
		documentation\SA1506.md = documentation\SA1506.md
		documentation\SA1507.md = documentation\SA1507.md
		documentation\SA1508.md = documentation\SA1508.md
		documentation\SA1509.md = documentation\SA1509.md
		documentation\SA1510.md = documentation\SA1510.md
		documentation\SA1511.md = documentation\SA1511.md
		documentation\SA1512.md = documentation\SA1512.md
		documentation\SA1513.md = documentation\SA1513.md
		documentation\SA1514.md = documentation\SA1514.md
		documentation\SA1515.md = documentation\SA1515.md
		documentation\SA1516.md = documentation\SA1516.md
		documentation\SA1517.md = documentation\SA1517.md
		documentation\SA1518.md = documentation\SA1518.md
		documentation\SA1519.md = documentation\SA1519.md
		documentation\SA1520.md = documentation\SA1520.md
		documentation\SA1600.md = documentation\SA1600.md
		documentation\SA1601.md = documentation\SA1601.md
		documentation\SA1602.md = documentation\SA1602.md
		documentation\SA1603.md = documentation\SA1603.md
		documentation\SA1604.md = documentation\SA1604.md
		documentation\SA1605.md = documentation\SA1605.md
		documentation\SA1606.md = documentation\SA1606.md
		documentation\SA1607.md = documentation\SA1607.md
		documentation\SA1608.md = documentation\SA1608.md
		documentation\SA1609.md = documentation\SA1609.md
		documentation\SA1610.md = documentation\SA1610.md
		documentation\SA1611.md = documentation\SA1611.md
		documentation\SA1612.md = documentation\SA1612.md
		documentation\SA1613.md = documentation\SA1613.md
		documentation\SA1614.md = documentation\SA1614.md
		documentation\SA1615.md = documentation\SA1615.md
		documentation\SA1616.md = documentation\SA1616.md
		documentation\SA1617.md = documentation\SA1617.md
		documentation\SA1618.md = documentation\SA1618.md
		documentation\SA1619.md = documentation\SA1619.md
		documentation\SA1620.md = documentation\SA1620.md
		documentation\SA1621.md = documentation\SA1621.md
		documentation\SA1622.md = documentation\SA1622.md
		documentation\SA1623.md = documentation\SA1623.md
		documentation\SA1624.md = documentation\SA1624.md
		documentation\SA1625.md = documentation\SA1625.md
		documentation\SA1626.md = documentation\SA1626.md
		documentation\SA1627.md = documentation\SA1627.md
		documentation\SA1628.md = documentation\SA1628.md
		documentation\SA1629.md = documentation\SA1629.md
		documentation\SA1630.md = documentation\SA1630.md
		documentation\SA1631.md = documentation\SA1631.md
		documentation\SA1632.md = documentation\SA1632.md
		documentation\SA1633.md = documentation\SA1633.md
		documentation\SA1634.md = documentation\SA1634.md
		documentation\SA1635.md = documentation\SA1635.md
		documentation\SA1636.md = documentation\SA1636.md
		documentation\SA1637.md = documentation\SA1637.md
		documentation\SA1638.md = documentation\SA1638.md
		documentation\SA1639.md = documentation\SA1639.md
		documentation\SA1640.md = documentation\SA1640.md
		documentation\SA1641.md = documentation\SA1641.md
		documentation\SA1642.md = documentation\SA1642.md
		documentation\SA1643.md = documentation\SA1643.md
		documentation\SA1644.md = documentation\SA1644.md
		documentation\SA1645.md = documentation\SA1645.md
		documentation\SA1646.md = documentation\SA1646.md
		documentation\SA1647.md = documentation\SA1647.md
		documentation\SA1648.md = documentation\SA1648.md
		documentation\SA1649.md = documentation\SA1649.md
		documentation\SA1650.md = documentation\SA1650.md
		documentation\SA1651.md = documentation\SA1651.md
		documentation\SA1652.md = documentation\SA1652.md
		documentation\SX1101.md = documentation\SX1101.md
		documentation\SX1309.md = documentation\SX1309.md
		documentation\SX1309S.md = documentation\SX1309S.md
	EndProjectSection
EndProject
Project("{FAE04EC0-301F-11D3-BF4B-00C04F79EFBC}") = "StyleCopTester", "StyleCop.Analyzers\StyleCopTester\StyleCopTester.csproj", "{C4B7092C-E1A9-4CF7-AE4C-D6A146392BA7}"
EndProject
Project("{FAE04EC0-301F-11D3-BF4B-00C04F79EFBC}") = "StyleCop.Analyzers.CodeFixes", "StyleCop.Analyzers\StyleCop.Analyzers.CodeFixes\StyleCop.Analyzers.CodeFixes.csproj", "{F91F7815-4E63-4698-B053-E57B2D707194}"
EndProject
Global
	GlobalSection(SolutionConfigurationPlatforms) = preSolution
		Debug|Any CPU = Debug|Any CPU
		Release|Any CPU = Release|Any CPU
	EndGlobalSection
	GlobalSection(ProjectConfigurationPlatforms) = postSolution
		{3B052737-06CE-4182-AE0F-08EB82DFA73E}.Debug|Any CPU.ActiveCfg = Debug|Any CPU
		{3B052737-06CE-4182-AE0F-08EB82DFA73E}.Debug|Any CPU.Build.0 = Debug|Any CPU
		{3B052737-06CE-4182-AE0F-08EB82DFA73E}.Release|Any CPU.ActiveCfg = Release|Any CPU
		{3B052737-06CE-4182-AE0F-08EB82DFA73E}.Release|Any CPU.Build.0 = Release|Any CPU
		{3EB54B68-A7AA-45E8-A97B-A0746712140B}.Debug|Any CPU.ActiveCfg = Debug|Any CPU
		{3EB54B68-A7AA-45E8-A97B-A0746712140B}.Debug|Any CPU.Build.0 = Debug|Any CPU
		{3EB54B68-A7AA-45E8-A97B-A0746712140B}.Release|Any CPU.ActiveCfg = Release|Any CPU
		{3EB54B68-A7AA-45E8-A97B-A0746712140B}.Release|Any CPU.Build.0 = Release|Any CPU
		{06BEBB30-AC91-4470-8930-22F7722A25E4}.Debug|Any CPU.ActiveCfg = Debug|Any CPU
		{06BEBB30-AC91-4470-8930-22F7722A25E4}.Debug|Any CPU.Build.0 = Debug|Any CPU
		{06BEBB30-AC91-4470-8930-22F7722A25E4}.Release|Any CPU.ActiveCfg = Release|Any CPU
		{06BEBB30-AC91-4470-8930-22F7722A25E4}.Release|Any CPU.Build.0 = Release|Any CPU
		{C4B7092C-E1A9-4CF7-AE4C-D6A146392BA7}.Debug|Any CPU.ActiveCfg = Debug|Any CPU
		{C4B7092C-E1A9-4CF7-AE4C-D6A146392BA7}.Debug|Any CPU.Build.0 = Debug|Any CPU
		{C4B7092C-E1A9-4CF7-AE4C-D6A146392BA7}.Release|Any CPU.ActiveCfg = Release|Any CPU
		{C4B7092C-E1A9-4CF7-AE4C-D6A146392BA7}.Release|Any CPU.Build.0 = Release|Any CPU
		{F91F7815-4E63-4698-B053-E57B2D707194}.Debug|Any CPU.ActiveCfg = Debug|Any CPU
		{F91F7815-4E63-4698-B053-E57B2D707194}.Debug|Any CPU.Build.0 = Debug|Any CPU
		{F91F7815-4E63-4698-B053-E57B2D707194}.Release|Any CPU.ActiveCfg = Release|Any CPU
		{F91F7815-4E63-4698-B053-E57B2D707194}.Release|Any CPU.Build.0 = Release|Any CPU
	EndGlobalSection
	GlobalSection(SolutionProperties) = preSolution
		HideSolutionNode = FALSE
	EndGlobalSection
EndGlobal
