
Microsoft Visual Studio Solution File, Format Version 12.00
# Visual Studio 14
VisualStudioVersion = 14.0.23017.0
MinimumVisualStudioVersion = 10.0.40219.1
Project("{FAE04EC0-301F-11D3-BF4B-00C04F79EFBC}") = "AsyncPackage", "AsyncPackage\AsyncPackage.csproj", "{68D3FDD2-DA02-453B-9DF9-022F65F9265E}"
EndProject
Project("{FAE04EC0-301F-11D3-BF4B-00C04F79EFBC}") = "AsyncPackage.Test", "AsyncPackage.Test\AsyncPackage.Test.csproj", "{0D9287FD-F17F-4CB8-B622-904E69994AC6}"
EndProject
Global
	GlobalSection(SolutionConfigurationPlatforms) = preSolution
		Debug|Any CPU = Debug|Any CPU
		Release|Any CPU = Release|Any CPU
	EndGlobalSection
	GlobalSection(ProjectConfigurationPlatforms) = postSolution
		{68D3FDD2-DA02-453B-9DF9-022F65F9265E}.Debug|Any CPU.ActiveCfg = Debug|Any CPU
		{68D3FDD2-DA02-453B-9DF9-022F65F9265E}.Debug|Any CPU.Build.0 = Debug|Any CPU
		{68D3FDD2-DA02-453B-9DF9-022F65F9265E}.Release|Any CPU.ActiveCfg = Release|Any CPU
		{68D3FDD2-DA02-453B-9DF9-022F65F9265E}.Release|Any CPU.Build.0 = Release|Any CPU
		{0D9287FD-F17F-4CB8-B622-904E69994AC6}.Debug|Any CPU.ActiveCfg = Debug|Any CPU
		{0D9287FD-F17F-4CB8-B622-904E69994AC6}.Debug|Any CPU.Build.0 = Debug|Any CPU
		{0D9287FD-F17F-4CB8-B622-904E69994AC6}.Release|Any CPU.ActiveCfg = Release|Any CPU
		{0D9287FD-F17F-4CB8-B622-904E69994AC6}.Release|Any CPU.Build.0 = Release|Any CPU
	EndGlobalSection
	GlobalSection(SolutionProperties) = preSolution
		HideSolutionNode = FALSE
	EndGlobalSection
EndGlobal
