
Microsoft Visual Studio Solution File, Format Version 12.00
# Visual Studio 14
VisualStudioVersion = 14.0.22823.1
MinimumVisualStudioVersion = 10.0.40219.1
Project("{FAE04EC0-301F-11D3-BF4B-00C04F79EFBC}") = "NewAnalyzerTemplate", "NewAnalyzerTemplate\NewAnalyzerTemplate\NewAnalyzerTemplate.csproj", "{702DD21D-86CF-4222-94E3-FC008A2B3423}"
EndProject
Project("{FAE04EC0-301F-11D3-BF4B-00C04F79EFBC}") = "NewAnalyzerTemplate.Test", "NewAnalyzerTemplate\NewAnalyzerTemplate.Test\NewAnalyzerTemplate.Test.csproj", "{19ADF009-EC92-4CA7-A663-77D12A8503B2}"
EndProject
Project("{FAE04EC0-301F-11D3-BF4B-00C04F79EFBC}") = "NewAnalyzerTemplate.Vsix", "NewAnalyzerTemplate\NewAnalyzerTemplate.Vsix\NewAnalyzerTemplate.Vsix.csproj", "{0C7CED5F-F00E-4EF2-9DFE-8AFD9DFC8483}"
EndProject
Global
	GlobalSection(SolutionConfigurationPlatforms) = preSolution
		Debug|Any CPU = Debug|Any CPU
		Release|Any CPU = Release|Any CPU
	EndGlobalSection
	GlobalSection(ProjectConfigurationPlatforms) = postSolution
		{702DD21D-86CF-4222-94E3-FC008A2B3423}.Debug|Any CPU.ActiveCfg = Debug|Any CPU
		{702DD21D-86CF-4222-94E3-FC008A2B3423}.Debug|Any CPU.Build.0 = Debug|Any CPU
		{702DD21D-86CF-4222-94E3-FC008A2B3423}.Release|Any CPU.ActiveCfg = Release|Any CPU
		{702DD21D-86CF-4222-94E3-FC008A2B3423}.Release|Any CPU.Build.0 = Release|Any CPU
		{19ADF009-EC92-4CA7-A663-77D12A8503B2}.Debug|Any CPU.ActiveCfg = Debug|Any CPU
		{19ADF009-EC92-4CA7-A663-77D12A8503B2}.Debug|Any CPU.Build.0 = Debug|Any CPU
		{19ADF009-EC92-4CA7-A663-77D12A8503B2}.Release|Any CPU.ActiveCfg = Release|Any CPU
		{19ADF009-EC92-4CA7-A663-77D12A8503B2}.Release|Any CPU.Build.0 = Release|Any CPU
		{0C7CED5F-F00E-4EF2-9DFE-8AFD9DFC8483}.Debug|Any CPU.ActiveCfg = Debug|Any CPU
		{0C7CED5F-F00E-4EF2-9DFE-8AFD9DFC8483}.Debug|Any CPU.Build.0 = Debug|Any CPU
		{0C7CED5F-F00E-4EF2-9DFE-8AFD9DFC8483}.Release|Any CPU.ActiveCfg = Release|Any CPU
		{0C7CED5F-F00E-4EF2-9DFE-8AFD9DFC8483}.Release|Any CPU.Build.0 = Release|Any CPU
	EndGlobalSection
	GlobalSection(SolutionProperties) = preSolution
		HideSolutionNode = FALSE
	EndGlobalSection
EndGlobal
