
Microsoft Visual Studio Solution File, Format Version 12.00
# Visual Studio 14
VisualStudioVersion = 14.0.23107.0
MinimumVisualStudioVersion = 10.0.40219.1
Project("{FAE04EC0-301F-11D3-BF4B-00C04F79EFBC}") = "AsyncPackage", "AsyncPackage\AsyncPackage\AsyncPackage.csproj", "{68D3FDD2-DA02-453B-9DF9-022F65F9265E}"
EndProject
Project("{2150E333-8FDC-42A3-9474-1A3956D46DE8}") = "Async", "Async", "{96EA6D29-3D32-4363-9303-F9F9C1C2D68D}"
EndProject
Project("{FAE04EC0-301F-11D3-BF4B-00C04F79EFBC}") = "AsyncPackage.Test", "AsyncPackage\AsyncPackage.Test\AsyncPackage.Test.csproj", "{0D9287FD-F17F-4CB8-B622-904E69994AC6}"
EndProject
Project("{2150E333-8FDC-42A3-9474-1A3956D46DE8}") = "MetaCompilation", "MetaCompilation", "{94CED7DE-E53D-4496-9B13-AC484092D848}"
EndProject
Project("{FAE04EC0-301F-11D3-BF4B-00C04F79EFBC}") = "MetaCompilation", "MetaCompilation\MetaCompilation\MetaCompilation\MetaCompilation.csproj", "{6CD505A6-60D7-4C35-AE53-694AFDEB3A64}"
EndProject
Project("{FAE04EC0-301F-11D3-BF4B-00C04F79EFBC}") = "MetaCompilation.Test", "MetaCompilation\MetaCompilation\MetaCompilation.Test\MetaCompilation.Test.csproj", "{45D60761-2694-4084-9B23-B8D1660B6712}"
EndProject
Project("{FAE04EC0-301F-11D3-BF4B-00C04F79EFBC}") = "MetaCompilation.Vsix", "MetaCompilation\MetaCompilation\MetaCompilation.Vsix\MetaCompilation.Vsix.csproj", "{AEDFBCB1-8D38-4148-B9D5-E31FB6087E14}"
EndProject
Project("{2150E333-8FDC-42A3-9474-1A3956D46DE8}") = "CodeAnalysis", "CodeAnalysis", "{55A710CD-95EC-4C49-AE7D-BA5E930FD1DC}"
EndProject
Project("{FAE04EC0-301F-11D3-BF4B-00C04F79EFBC}") = "CodeAnalysisDiagnosticAnalyzers", "CodeAnalysis\Core\CodeAnalysisDiagnosticAnalyzers.csproj", "{D8762A0A-3832-47BE-BCF6-8B1060BE6B28}"
EndProject
Project("{FAE04EC0-301F-11D3-BF4B-00C04F79EFBC}") = "CSharpCodeAnalysisDiagnosticAnalyzers", "CodeAnalysis\CSharp\CSharpCodeAnalysisDiagnosticAnalyzers.csproj", "{921B412A-5551-4853-82B4-46AD5A05A03E}"
EndProject
Project("{F184B08F-C81C-45F6-A57F-5ABD9991F28F}") = "BasicCodeAnalysisDiagnosticAnalyzers", "CodeAnalysis\VisualBasic\BasicCodeAnalysisDiagnosticAnalyzers.vbproj", "{B1A6A74B-E484-48FB-8745-7A30A06DB631}"
EndProject
Project("{2150E333-8FDC-42A3-9474-1A3956D46DE8}") = "Test", "Test", "{12759EA5-BDF5-4888-8134-8CEB17754183}"
EndProject
Project("{FAE04EC0-301F-11D3-BF4B-00C04F79EFBC}") = "DiagnosticsTestUtilities", "Test\Utilities\DiagnosticsTestUtilities.csproj", "{0A0621F2-D1DC-47FF-B643-C6646557505E}"
EndProject
Project("{FAE04EC0-301F-11D3-BF4B-00C04F79EFBC}") = "CodeAnalysisDiagnosticAnalyzersTest", "CodeAnalysis\Test\CodeAnalysisDiagnosticAnalyzersTest.csproj", "{0C2925AD-CD97-46FA-A686-E2C1AD19DAD8}"
EndProject
Project("{FAE04EC0-301F-11D3-BF4B-00C04F79EFBC}") = "CodeAnalysisDiagnosticsSetup", "CodeAnalysis\Setup\CodeAnalysisDiagnosticsSetup.csproj", "{54F6AE18-B0CD-4799-9DF0-9B1AAD6A78AF}"
EndProject
Project("{2150E333-8FDC-42A3-9474-1A3956D46DE8}") = "FxCop", "FxCop", "{4103D989-D9A3-4317-A328-99360C5AE09C}"
EndProject
Project("{2150E333-8FDC-42A3-9474-1A3956D46DE8}") = "Desktop.Analyzers", "Desktop.Analyzers", "{7D19A3E4-26D1-404D-A036-F22CE93D8519}"
EndProject
Project("{FAE04EC0-301F-11D3-BF4B-00C04F79EFBC}") = "DesktopAnalyzers", "FxCop\Desktop.Analyzers\Core\DesktopAnalyzers.csproj", "{D1B42764-D442-4E4C-B2E7-9BA36FFBDDF1}"
EndProject
Project("{FAE04EC0-301F-11D3-BF4B-00C04F79EFBC}") = "CSharpDesktopAnalyzers", "FxCop\Desktop.Analyzers\CSharp\CSharpDesktopAnalyzers.csproj", "{9A61D22F-A414-47C5-A72A-6546ACECDB23}"
EndProject
Project("{F184B08F-C81C-45F6-A57F-5ABD9991F28F}") = "BasicDesktopAnalyzers", "FxCop\Desktop.Analyzers\VisualBasic\BasicDesktopAnalyzers.vbproj", "{219EC670-D9C3-4493-AC28-AD42697CCFAD}"
EndProject
Project("{FAE04EC0-301F-11D3-BF4B-00C04F79EFBC}") = "DesktopAnalyzersTest", "FxCop\Desktop.Analyzers\Test\DesktopAnalyzersTest.csproj", "{9468F53A-8B08-4DAC-9612-3BBB3BCF0783}"
EndProject
Project("{2150E333-8FDC-42A3-9474-1A3956D46DE8}") = "System.Runtime.Analyzers", "System.Runtime.Analyzers", "{48F66E86-3BFE-4A5F-B76A-AD49A5BC59DE}"
EndProject
Project("{FAE04EC0-301F-11D3-BF4B-00C04F79EFBC}") = "SystemRuntimeAnalyzers", "FxCop\System.Runtime.Analyzers\Core\SystemRuntimeAnalyzers.csproj", "{BAA0FEE4-93C8-46F0-BB36-53A6053776C8}"
EndProject
Project("{FAE04EC0-301F-11D3-BF4B-00C04F79EFBC}") = "CSharpSystemRuntimeAnalyzers", "FxCop\System.Runtime.Analyzers\CSharp\CSharpSystemRuntimeAnalyzers.csproj", "{A36451EC-1127-40CE-B841-47F393D24624}"
EndProject
Project("{FAE04EC0-301F-11D3-BF4B-00C04F79EFBC}") = "SystemRuntimeAnalyzersTest", "FxCop\System.Runtime.Analyzers\Test\SystemRuntimeAnalyzersTest.csproj", "{0FAE8CB3-4D2F-4A11-B1E6-F47EFF0FB863}"
EndProject
Project("{F184B08F-C81C-45F6-A57F-5ABD9991F28F}") = "BasicSystemRuntimeAnalyzers", "FxCop\System.Runtime.Analyzers\VisualBasic\BasicSystemRuntimeAnalyzers.vbproj", "{D835C05E-9D83-40B2-9D25-19EB652F10D7}"
EndProject
Project("{2150E333-8FDC-42A3-9474-1A3956D46DE8}") = "AnalyzerPowerPack", "AnalyzerPowerPack", "{1D584F5A-3B33-40F9-95D0-DC47E37DCFF1}"
EndProject
Project("{FAE04EC0-301F-11D3-BF4B-00C04F79EFBC}") = "AnalyzerPowerPack.Common", "AnalyzerPowerPack\Core\AnalyzerPowerPack.Common.csproj", "{CBCD620C-FF07-4BA4-ABC9-2F23C73760DB}"
EndProject
Project("{FAE04EC0-301F-11D3-BF4B-00C04F79EFBC}") = "AnalyzerPowerPack.CSharp", "AnalyzerPowerPack\CSharp\AnalyzerPowerPack.CSharp.csproj", "{D212BF08-95D5-4664-AD47-AF9BFE7C48D0}"
EndProject
Project("{F184B08F-C81C-45F6-A57F-5ABD9991F28F}") = "AnalyzerPowerPack.VisualBasic", "AnalyzerPowerPack\VisualBasic\AnalyzerPowerPack.VisualBasic.vbproj", "{45854FF7-A6D5-4B28-87A1-0B75390125C0}"
EndProject
Project("{FAE04EC0-301F-11D3-BF4B-00C04F79EFBC}") = "AnalyzerPowerPack.Test", "AnalyzerPowerPack\Test\AnalyzerPowerPack.Test.csproj", "{06ECCF53-B9B8-4CC2-83C0-E308BF645F7F}"
EndProject
Project("{FAE04EC0-301F-11D3-BF4B-00C04F79EFBC}") = "AnalyzerPowerPack.Setup", "AnalyzerPowerPack\Setup\AnalyzerPowerPack.Setup.csproj", "{FFCA21B9-C7CB-4F0F-851B-947EE25C416C}"
EndProject
Global
	GlobalSection(SolutionConfigurationPlatforms) = preSolution
		Debug|Any CPU = Debug|Any CPU
		Release|Any CPU = Release|Any CPU
	EndGlobalSection
	GlobalSection(ProjectConfigurationPlatforms) = postSolution
		{68D3FDD2-DA02-453B-9DF9-022F65F9265E}.Debug|Any CPU.ActiveCfg = Debug|Any CPU
		{68D3FDD2-DA02-453B-9DF9-022F65F9265E}.Debug|Any CPU.Build.0 = Debug|Any CPU
		{68D3FDD2-DA02-453B-9DF9-022F65F9265E}.Release|Any CPU.ActiveCfg = Release|Any CPU
		{68D3FDD2-DA02-453B-9DF9-022F65F9265E}.Release|Any CPU.Build.0 = Release|Any CPU
		{0D9287FD-F17F-4CB8-B622-904E69994AC6}.Debug|Any CPU.ActiveCfg = Debug|Any CPU
		{0D9287FD-F17F-4CB8-B622-904E69994AC6}.Debug|Any CPU.Build.0 = Debug|Any CPU
		{0D9287FD-F17F-4CB8-B622-904E69994AC6}.Release|Any CPU.ActiveCfg = Release|Any CPU
		{0D9287FD-F17F-4CB8-B622-904E69994AC6}.Release|Any CPU.Build.0 = Release|Any CPU
		{6CD505A6-60D7-4C35-AE53-694AFDEB3A64}.Debug|Any CPU.ActiveCfg = Debug|Any CPU
		{6CD505A6-60D7-4C35-AE53-694AFDEB3A64}.Debug|Any CPU.Build.0 = Debug|Any CPU
		{6CD505A6-60D7-4C35-AE53-694AFDEB3A64}.Release|Any CPU.ActiveCfg = Release|Any CPU
		{6CD505A6-60D7-4C35-AE53-694AFDEB3A64}.Release|Any CPU.Build.0 = Release|Any CPU
		{45D60761-2694-4084-9B23-B8D1660B6712}.Debug|Any CPU.ActiveCfg = Debug|Any CPU
		{45D60761-2694-4084-9B23-B8D1660B6712}.Debug|Any CPU.Build.0 = Debug|Any CPU
		{45D60761-2694-4084-9B23-B8D1660B6712}.Release|Any CPU.ActiveCfg = Release|Any CPU
		{45D60761-2694-4084-9B23-B8D1660B6712}.Release|Any CPU.Build.0 = Release|Any CPU
		{AEDFBCB1-8D38-4148-B9D5-E31FB6087E14}.Debug|Any CPU.ActiveCfg = Debug|Any CPU
		{AEDFBCB1-8D38-4148-B9D5-E31FB6087E14}.Debug|Any CPU.Build.0 = Debug|Any CPU
		{AEDFBCB1-8D38-4148-B9D5-E31FB6087E14}.Release|Any CPU.ActiveCfg = Release|Any CPU
		{AEDFBCB1-8D38-4148-B9D5-E31FB6087E14}.Release|Any CPU.Build.0 = Release|Any CPU
		{D8762A0A-3832-47BE-BCF6-8B1060BE6B28}.Debug|Any CPU.ActiveCfg = Debug|Any CPU
		{D8762A0A-3832-47BE-BCF6-8B1060BE6B28}.Debug|Any CPU.Build.0 = Debug|Any CPU
		{D8762A0A-3832-47BE-BCF6-8B1060BE6B28}.Release|Any CPU.ActiveCfg = Release|Any CPU
		{D8762A0A-3832-47BE-BCF6-8B1060BE6B28}.Release|Any CPU.Build.0 = Release|Any CPU
		{921B412A-5551-4853-82B4-46AD5A05A03E}.Debug|Any CPU.ActiveCfg = Debug|Any CPU
		{921B412A-5551-4853-82B4-46AD5A05A03E}.Debug|Any CPU.Build.0 = Debug|Any CPU
		{921B412A-5551-4853-82B4-46AD5A05A03E}.Release|Any CPU.ActiveCfg = Release|Any CPU
		{921B412A-5551-4853-82B4-46AD5A05A03E}.Release|Any CPU.Build.0 = Release|Any CPU
		{B1A6A74B-E484-48FB-8745-7A30A06DB631}.Debug|Any CPU.ActiveCfg = Debug|Any CPU
		{B1A6A74B-E484-48FB-8745-7A30A06DB631}.Debug|Any CPU.Build.0 = Debug|Any CPU
		{B1A6A74B-E484-48FB-8745-7A30A06DB631}.Release|Any CPU.ActiveCfg = Release|Any CPU
		{B1A6A74B-E484-48FB-8745-7A30A06DB631}.Release|Any CPU.Build.0 = Release|Any CPU
		{0A0621F2-D1DC-47FF-B643-C6646557505E}.Debug|Any CPU.ActiveCfg = Debug|Any CPU
		{0A0621F2-D1DC-47FF-B643-C6646557505E}.Debug|Any CPU.Build.0 = Debug|Any CPU
		{0A0621F2-D1DC-47FF-B643-C6646557505E}.Release|Any CPU.ActiveCfg = Release|Any CPU
		{0A0621F2-D1DC-47FF-B643-C6646557505E}.Release|Any CPU.Build.0 = Release|Any CPU
		{0C2925AD-CD97-46FA-A686-E2C1AD19DAD8}.Debug|Any CPU.ActiveCfg = Debug|Any CPU
		{0C2925AD-CD97-46FA-A686-E2C1AD19DAD8}.Debug|Any CPU.Build.0 = Debug|Any CPU
		{0C2925AD-CD97-46FA-A686-E2C1AD19DAD8}.Release|Any CPU.ActiveCfg = Release|Any CPU
		{0C2925AD-CD97-46FA-A686-E2C1AD19DAD8}.Release|Any CPU.Build.0 = Release|Any CPU
		{54F6AE18-B0CD-4799-9DF0-9B1AAD6A78AF}.Debug|Any CPU.ActiveCfg = Debug|Any CPU
		{54F6AE18-B0CD-4799-9DF0-9B1AAD6A78AF}.Debug|Any CPU.Build.0 = Debug|Any CPU
		{54F6AE18-B0CD-4799-9DF0-9B1AAD6A78AF}.Release|Any CPU.ActiveCfg = Release|Any CPU
		{54F6AE18-B0CD-4799-9DF0-9B1AAD6A78AF}.Release|Any CPU.Build.0 = Release|Any CPU
		{D1B42764-D442-4E4C-B2E7-9BA36FFBDDF1}.Debug|Any CPU.ActiveCfg = Debug|Any CPU
		{D1B42764-D442-4E4C-B2E7-9BA36FFBDDF1}.Debug|Any CPU.Build.0 = Debug|Any CPU
		{D1B42764-D442-4E4C-B2E7-9BA36FFBDDF1}.Release|Any CPU.ActiveCfg = Release|Any CPU
		{D1B42764-D442-4E4C-B2E7-9BA36FFBDDF1}.Release|Any CPU.Build.0 = Release|Any CPU
		{9A61D22F-A414-47C5-A72A-6546ACECDB23}.Debug|Any CPU.ActiveCfg = Debug|Any CPU
		{9A61D22F-A414-47C5-A72A-6546ACECDB23}.Debug|Any CPU.Build.0 = Debug|Any CPU
		{9A61D22F-A414-47C5-A72A-6546ACECDB23}.Release|Any CPU.ActiveCfg = Release|Any CPU
		{9A61D22F-A414-47C5-A72A-6546ACECDB23}.Release|Any CPU.Build.0 = Release|Any CPU
		{219EC670-D9C3-4493-AC28-AD42697CCFAD}.Debug|Any CPU.ActiveCfg = Debug|Any CPU
		{219EC670-D9C3-4493-AC28-AD42697CCFAD}.Debug|Any CPU.Build.0 = Debug|Any CPU
		{219EC670-D9C3-4493-AC28-AD42697CCFAD}.Release|Any CPU.ActiveCfg = Release|Any CPU
		{219EC670-D9C3-4493-AC28-AD42697CCFAD}.Release|Any CPU.Build.0 = Release|Any CPU
		{9468F53A-8B08-4DAC-9612-3BBB3BCF0783}.Debug|Any CPU.ActiveCfg = Debug|Any CPU
		{9468F53A-8B08-4DAC-9612-3BBB3BCF0783}.Debug|Any CPU.Build.0 = Debug|Any CPU
		{9468F53A-8B08-4DAC-9612-3BBB3BCF0783}.Release|Any CPU.ActiveCfg = Release|Any CPU
		{9468F53A-8B08-4DAC-9612-3BBB3BCF0783}.Release|Any CPU.Build.0 = Release|Any CPU
		{BAA0FEE4-93C8-46F0-BB36-53A6053776C8}.Debug|Any CPU.ActiveCfg = Debug|Any CPU
		{BAA0FEE4-93C8-46F0-BB36-53A6053776C8}.Debug|Any CPU.Build.0 = Debug|Any CPU
		{BAA0FEE4-93C8-46F0-BB36-53A6053776C8}.Release|Any CPU.ActiveCfg = Release|Any CPU
		{BAA0FEE4-93C8-46F0-BB36-53A6053776C8}.Release|Any CPU.Build.0 = Release|Any CPU
		{A36451EC-1127-40CE-B841-47F393D24624}.Debug|Any CPU.ActiveCfg = Debug|Any CPU
		{A36451EC-1127-40CE-B841-47F393D24624}.Debug|Any CPU.Build.0 = Debug|Any CPU
		{A36451EC-1127-40CE-B841-47F393D24624}.Release|Any CPU.ActiveCfg = Release|Any CPU
		{A36451EC-1127-40CE-B841-47F393D24624}.Release|Any CPU.Build.0 = Release|Any CPU
		{0FAE8CB3-4D2F-4A11-B1E6-F47EFF0FB863}.Debug|Any CPU.ActiveCfg = Debug|Any CPU
		{0FAE8CB3-4D2F-4A11-B1E6-F47EFF0FB863}.Debug|Any CPU.Build.0 = Debug|Any CPU
		{0FAE8CB3-4D2F-4A11-B1E6-F47EFF0FB863}.Release|Any CPU.ActiveCfg = Release|Any CPU
		{0FAE8CB3-4D2F-4A11-B1E6-F47EFF0FB863}.Release|Any CPU.Build.0 = Release|Any CPU
		{D835C05E-9D83-40B2-9D25-19EB652F10D7}.Debug|Any CPU.ActiveCfg = Debug|Any CPU
		{D835C05E-9D83-40B2-9D25-19EB652F10D7}.Debug|Any CPU.Build.0 = Debug|Any CPU
		{D835C05E-9D83-40B2-9D25-19EB652F10D7}.Release|Any CPU.ActiveCfg = Release|Any CPU
		{D835C05E-9D83-40B2-9D25-19EB652F10D7}.Release|Any CPU.Build.0 = Release|Any CPU
		{CBCD620C-FF07-4BA4-ABC9-2F23C73760DB}.Debug|Any CPU.ActiveCfg = Debug|Any CPU
		{CBCD620C-FF07-4BA4-ABC9-2F23C73760DB}.Debug|Any CPU.Build.0 = Debug|Any CPU
		{CBCD620C-FF07-4BA4-ABC9-2F23C73760DB}.Release|Any CPU.ActiveCfg = Release|Any CPU
		{CBCD620C-FF07-4BA4-ABC9-2F23C73760DB}.Release|Any CPU.Build.0 = Release|Any CPU
		{D212BF08-95D5-4664-AD47-AF9BFE7C48D0}.Debug|Any CPU.ActiveCfg = Debug|Any CPU
		{D212BF08-95D5-4664-AD47-AF9BFE7C48D0}.Debug|Any CPU.Build.0 = Debug|Any CPU
		{D212BF08-95D5-4664-AD47-AF9BFE7C48D0}.Release|Any CPU.ActiveCfg = Release|Any CPU
		{D212BF08-95D5-4664-AD47-AF9BFE7C48D0}.Release|Any CPU.Build.0 = Release|Any CPU
		{45854FF7-A6D5-4B28-87A1-0B75390125C0}.Debug|Any CPU.ActiveCfg = Debug|Any CPU
		{45854FF7-A6D5-4B28-87A1-0B75390125C0}.Debug|Any CPU.Build.0 = Debug|Any CPU
		{45854FF7-A6D5-4B28-87A1-0B75390125C0}.Release|Any CPU.ActiveCfg = Release|Any CPU
		{45854FF7-A6D5-4B28-87A1-0B75390125C0}.Release|Any CPU.Build.0 = Release|Any CPU
		{06ECCF53-B9B8-4CC2-83C0-E308BF645F7F}.Debug|Any CPU.ActiveCfg = Debug|Any CPU
		{06ECCF53-B9B8-4CC2-83C0-E308BF645F7F}.Debug|Any CPU.Build.0 = Debug|Any CPU
		{06ECCF53-B9B8-4CC2-83C0-E308BF645F7F}.Release|Any CPU.ActiveCfg = Release|Any CPU
		{06ECCF53-B9B8-4CC2-83C0-E308BF645F7F}.Release|Any CPU.Build.0 = Release|Any CPU
		{FFCA21B9-C7CB-4F0F-851B-947EE25C416C}.Debug|Any CPU.ActiveCfg = Debug|Any CPU
		{FFCA21B9-C7CB-4F0F-851B-947EE25C416C}.Debug|Any CPU.Build.0 = Debug|Any CPU
		{FFCA21B9-C7CB-4F0F-851B-947EE25C416C}.Release|Any CPU.ActiveCfg = Release|Any CPU
		{FFCA21B9-C7CB-4F0F-851B-947EE25C416C}.Release|Any CPU.Build.0 = Release|Any CPU
	EndGlobalSection
	GlobalSection(SolutionProperties) = preSolution
		HideSolutionNode = FALSE
	EndGlobalSection
	GlobalSection(NestedProjects) = preSolution
		{68D3FDD2-DA02-453B-9DF9-022F65F9265E} = {96EA6D29-3D32-4363-9303-F9F9C1C2D68D}
		{0D9287FD-F17F-4CB8-B622-904E69994AC6} = {96EA6D29-3D32-4363-9303-F9F9C1C2D68D}
		{6CD505A6-60D7-4C35-AE53-694AFDEB3A64} = {94CED7DE-E53D-4496-9B13-AC484092D848}
		{45D60761-2694-4084-9B23-B8D1660B6712} = {94CED7DE-E53D-4496-9B13-AC484092D848}
		{AEDFBCB1-8D38-4148-B9D5-E31FB6087E14} = {94CED7DE-E53D-4496-9B13-AC484092D848}
		{D8762A0A-3832-47BE-BCF6-8B1060BE6B28} = {55A710CD-95EC-4C49-AE7D-BA5E930FD1DC}
		{921B412A-5551-4853-82B4-46AD5A05A03E} = {55A710CD-95EC-4C49-AE7D-BA5E930FD1DC}
		{B1A6A74B-E484-48FB-8745-7A30A06DB631} = {55A710CD-95EC-4C49-AE7D-BA5E930FD1DC}
		{0A0621F2-D1DC-47FF-B643-C6646557505E} = {12759EA5-BDF5-4888-8134-8CEB17754183}
		{0C2925AD-CD97-46FA-A686-E2C1AD19DAD8} = {55A710CD-95EC-4C49-AE7D-BA5E930FD1DC}
		{54F6AE18-B0CD-4799-9DF0-9B1AAD6A78AF} = {55A710CD-95EC-4C49-AE7D-BA5E930FD1DC}
		{7D19A3E4-26D1-404D-A036-F22CE93D8519} = {4103D989-D9A3-4317-A328-99360C5AE09C}
		{D1B42764-D442-4E4C-B2E7-9BA36FFBDDF1} = {7D19A3E4-26D1-404D-A036-F22CE93D8519}
		{9A61D22F-A414-47C5-A72A-6546ACECDB23} = {7D19A3E4-26D1-404D-A036-F22CE93D8519}
		{219EC670-D9C3-4493-AC28-AD42697CCFAD} = {7D19A3E4-26D1-404D-A036-F22CE93D8519}
		{9468F53A-8B08-4DAC-9612-3BBB3BCF0783} = {7D19A3E4-26D1-404D-A036-F22CE93D8519}
		{48F66E86-3BFE-4A5F-B76A-AD49A5BC59DE} = {4103D989-D9A3-4317-A328-99360C5AE09C}
		{BAA0FEE4-93C8-46F0-BB36-53A6053776C8} = {48F66E86-3BFE-4A5F-B76A-AD49A5BC59DE}
		{A36451EC-1127-40CE-B841-47F393D24624} = {48F66E86-3BFE-4A5F-B76A-AD49A5BC59DE}
		{0FAE8CB3-4D2F-4A11-B1E6-F47EFF0FB863} = {48F66E86-3BFE-4A5F-B76A-AD49A5BC59DE}
		{D835C05E-9D83-40B2-9D25-19EB652F10D7} = {48F66E86-3BFE-4A5F-B76A-AD49A5BC59DE}
		{CBCD620C-FF07-4BA4-ABC9-2F23C73760DB} = {1D584F5A-3B33-40F9-95D0-DC47E37DCFF1}
		{D212BF08-95D5-4664-AD47-AF9BFE7C48D0} = {1D584F5A-3B33-40F9-95D0-DC47E37DCFF1}
		{45854FF7-A6D5-4B28-87A1-0B75390125C0} = {1D584F5A-3B33-40F9-95D0-DC47E37DCFF1}
		{06ECCF53-B9B8-4CC2-83C0-E308BF645F7F} = {1D584F5A-3B33-40F9-95D0-DC47E37DCFF1}
		{FFCA21B9-C7CB-4F0F-851B-947EE25C416C} = {1D584F5A-3B33-40F9-95D0-DC47E37DCFF1}
	EndGlobalSection
EndGlobal
