
Microsoft Visual Studio Solution File, Format Version 12.00
# Visual Studio 14
VisualStudioVersion = 14.0.23017.0
MinimumVisualStudioVersion = 10.0.40219.1
Project("{FAE04EC0-301F-11D3-BF4B-00C04F79EFBC}") = "AsyncPackage", "AsyncPackage\AsyncPackage\AsyncPackage.csproj", "{68D3FDD2-DA02-453B-9DF9-022F65F9265E}"
EndProject
Project("{2150E333-8FDC-42A3-9474-1A3956D46DE8}") = "Async", "Async", "{96EA6D29-3D32-4363-9303-F9F9C1C2D68D}"
EndProject
Project("{FAE04EC0-301F-11D3-BF4B-00C04F79EFBC}") = "AsyncPackage.Test", "AsyncPackage\AsyncPackage.Test\AsyncPackage.Test.csproj", "{0D9287FD-F17F-4CB8-B622-904E69994AC6}"
EndProject
Project("{2150E333-8FDC-42A3-9474-1A3956D46DE8}") = "MetaCompilation", "MetaCompilation", "{94CED7DE-E53D-4496-9B13-AC484092D848}"
EndProject
Project("{FAE04EC0-301F-11D3-BF4B-00C04F79EFBC}") = "MetaCompilation", "MetaCompilation\MetaCompilation\MetaCompilation\MetaCompilation.csproj", "{6CD505A6-60D7-4C35-AE53-694AFDEB3A64}"
EndProject
Project("{FAE04EC0-301F-11D3-BF4B-00C04F79EFBC}") = "MetaCompilation.Test", "MetaCompilation\MetaCompilation\MetaCompilation.Test\MetaCompilation.Test.csproj", "{45D60761-2694-4084-9B23-B8D1660B6712}"
EndProject
Project("{FAE04EC0-301F-11D3-BF4B-00C04F79EFBC}") = "MetaCompilation.Vsix", "MetaCompilation\MetaCompilation\MetaCompilation.Vsix\MetaCompilation.Vsix.csproj", "{AEDFBCB1-8D38-4148-B9D5-E31FB6087E14}"
EndProject
Project("{2150E333-8FDC-42A3-9474-1A3956D46DE8}") = "CodeAnalysis", "CodeAnalysis", "{55A710CD-95EC-4C49-AE7D-BA5E930FD1DC}"
EndProject
Project("{FAE04EC0-301F-11D3-BF4B-00C04F79EFBC}") = "CodeAnalysisDiagnosticAnalyzers", "CodeAnalysis\Core\CodeAnalysisDiagnosticAnalyzers.csproj", "{D8762A0A-3832-47BE-BCF6-8B1060BE6B28}"
EndProject
Project("{FAE04EC0-301F-11D3-BF4B-00C04F79EFBC}") = "CSharpCodeAnalysisDiagnosticAnalyzers", "CodeAnalysis\CSharp\CSharpCodeAnalysisDiagnosticAnalyzers.csproj", "{921B412A-5551-4853-82B4-46AD5A05A03E}"
EndProject
Project("{F184B08F-C81C-45F6-A57F-5ABD9991F28F}") = "BasicCodeAnalysisDiagnosticAnalyzers", "CodeAnalysis\VisualBasic\BasicCodeAnalysisDiagnosticAnalyzers.vbproj", "{B1A6A74B-E484-48FB-8745-7A30A06DB631}"
EndProject
Project("{2150E333-8FDC-42A3-9474-1A3956D46DE8}") = "Test", "Test", "{12759EA5-BDF5-4888-8134-8CEB17754183}"
EndProject
Project("{FAE04EC0-301F-11D3-BF4B-00C04F79EFBC}") = "DiagnosticsTestUtilities", "Test\Utilities\DiagnosticsTestUtilities.csproj", "{0A0621F2-D1DC-47FF-B643-C6646557505E}"
EndProject
Project("{FAE04EC0-301F-11D3-BF4B-00C04F79EFBC}") = "CodeAnalysisDiagnosticAnalyzersTest", "CodeAnalysis\Test\CodeAnalysisDiagnosticAnalyzersTest.csproj", "{0C2925AD-CD97-46FA-A686-E2C1AD19DAD8}"
EndProject
Global
	GlobalSection(SolutionConfigurationPlatforms) = preSolution
		Debug|Any CPU = Debug|Any CPU
		Release|Any CPU = Release|Any CPU
	EndGlobalSection
	GlobalSection(ProjectConfigurationPlatforms) = postSolution
		{68D3FDD2-DA02-453B-9DF9-022F65F9265E}.Debug|Any CPU.ActiveCfg = Debug|Any CPU
		{68D3FDD2-DA02-453B-9DF9-022F65F9265E}.Debug|Any CPU.Build.0 = Debug|Any CPU
		{68D3FDD2-DA02-453B-9DF9-022F65F9265E}.Release|Any CPU.ActiveCfg = Release|Any CPU
		{68D3FDD2-DA02-453B-9DF9-022F65F9265E}.Release|Any CPU.Build.0 = Release|Any CPU
		{0D9287FD-F17F-4CB8-B622-904E69994AC6}.Debug|Any CPU.ActiveCfg = Debug|Any CPU
		{0D9287FD-F17F-4CB8-B622-904E69994AC6}.Debug|Any CPU.Build.0 = Debug|Any CPU
		{0D9287FD-F17F-4CB8-B622-904E69994AC6}.Release|Any CPU.ActiveCfg = Release|Any CPU
		{0D9287FD-F17F-4CB8-B622-904E69994AC6}.Release|Any CPU.Build.0 = Release|Any CPU
		{6CD505A6-60D7-4C35-AE53-694AFDEB3A64}.Debug|Any CPU.ActiveCfg = Debug|Any CPU
		{6CD505A6-60D7-4C35-AE53-694AFDEB3A64}.Debug|Any CPU.Build.0 = Debug|Any CPU
		{6CD505A6-60D7-4C35-AE53-694AFDEB3A64}.Release|Any CPU.ActiveCfg = Release|Any CPU
		{6CD505A6-60D7-4C35-AE53-694AFDEB3A64}.Release|Any CPU.Build.0 = Release|Any CPU
		{45D60761-2694-4084-9B23-B8D1660B6712}.Debug|Any CPU.ActiveCfg = Debug|Any CPU
		{45D60761-2694-4084-9B23-B8D1660B6712}.Debug|Any CPU.Build.0 = Debug|Any CPU
		{45D60761-2694-4084-9B23-B8D1660B6712}.Release|Any CPU.ActiveCfg = Release|Any CPU
		{45D60761-2694-4084-9B23-B8D1660B6712}.Release|Any CPU.Build.0 = Release|Any CPU
		{AEDFBCB1-8D38-4148-B9D5-E31FB6087E14}.Debug|Any CPU.ActiveCfg = Debug|Any CPU
		{AEDFBCB1-8D38-4148-B9D5-E31FB6087E14}.Debug|Any CPU.Build.0 = Debug|Any CPU
		{AEDFBCB1-8D38-4148-B9D5-E31FB6087E14}.Release|Any CPU.ActiveCfg = Release|Any CPU
		{AEDFBCB1-8D38-4148-B9D5-E31FB6087E14}.Release|Any CPU.Build.0 = Release|Any CPU
		{D8762A0A-3832-47BE-BCF6-8B1060BE6B28}.Debug|Any CPU.ActiveCfg = Debug|Any CPU
		{D8762A0A-3832-47BE-BCF6-8B1060BE6B28}.Debug|Any CPU.Build.0 = Debug|Any CPU
		{D8762A0A-3832-47BE-BCF6-8B1060BE6B28}.Release|Any CPU.ActiveCfg = Release|Any CPU
		{D8762A0A-3832-47BE-BCF6-8B1060BE6B28}.Release|Any CPU.Build.0 = Release|Any CPU
		{921B412A-5551-4853-82B4-46AD5A05A03E}.Debug|Any CPU.ActiveCfg = Debug|Any CPU
		{921B412A-5551-4853-82B4-46AD5A05A03E}.Debug|Any CPU.Build.0 = Debug|Any CPU
		{921B412A-5551-4853-82B4-46AD5A05A03E}.Release|Any CPU.ActiveCfg = Release|Any CPU
		{921B412A-5551-4853-82B4-46AD5A05A03E}.Release|Any CPU.Build.0 = Release|Any CPU
		{B1A6A74B-E484-48FB-8745-7A30A06DB631}.Debug|Any CPU.ActiveCfg = Debug|Any CPU
		{B1A6A74B-E484-48FB-8745-7A30A06DB631}.Debug|Any CPU.Build.0 = Debug|Any CPU
		{B1A6A74B-E484-48FB-8745-7A30A06DB631}.Release|Any CPU.ActiveCfg = Release|Any CPU
		{B1A6A74B-E484-48FB-8745-7A30A06DB631}.Release|Any CPU.Build.0 = Release|Any CPU
		{0A0621F2-D1DC-47FF-B643-C6646557505E}.Debug|Any CPU.ActiveCfg = Debug|Any CPU
		{0A0621F2-D1DC-47FF-B643-C6646557505E}.Debug|Any CPU.Build.0 = Debug|Any CPU
		{0A0621F2-D1DC-47FF-B643-C6646557505E}.Release|Any CPU.ActiveCfg = Release|Any CPU
		{0A0621F2-D1DC-47FF-B643-C6646557505E}.Release|Any CPU.Build.0 = Release|Any CPU
		{0C2925AD-CD97-46FA-A686-E2C1AD19DAD8}.Debug|Any CPU.ActiveCfg = Debug|Any CPU
		{0C2925AD-CD97-46FA-A686-E2C1AD19DAD8}.Debug|Any CPU.Build.0 = Debug|Any CPU
		{0C2925AD-CD97-46FA-A686-E2C1AD19DAD8}.Release|Any CPU.ActiveCfg = Release|Any CPU
		{0C2925AD-CD97-46FA-A686-E2C1AD19DAD8}.Release|Any CPU.Build.0 = Release|Any CPU
	EndGlobalSection
	GlobalSection(SolutionProperties) = preSolution
		HideSolutionNode = FALSE
	EndGlobalSection
	GlobalSection(NestedProjects) = preSolution
		{68D3FDD2-DA02-453B-9DF9-022F65F9265E} = {96EA6D29-3D32-4363-9303-F9F9C1C2D68D}
		{0D9287FD-F17F-4CB8-B622-904E69994AC6} = {96EA6D29-3D32-4363-9303-F9F9C1C2D68D}
		{6CD505A6-60D7-4C35-AE53-694AFDEB3A64} = {94CED7DE-E53D-4496-9B13-AC484092D848}
		{45D60761-2694-4084-9B23-B8D1660B6712} = {94CED7DE-E53D-4496-9B13-AC484092D848}
		{AEDFBCB1-8D38-4148-B9D5-E31FB6087E14} = {94CED7DE-E53D-4496-9B13-AC484092D848}
		{D8762A0A-3832-47BE-BCF6-8B1060BE6B28} = {55A710CD-95EC-4C49-AE7D-BA5E930FD1DC}
		{921B412A-5551-4853-82B4-46AD5A05A03E} = {55A710CD-95EC-4C49-AE7D-BA5E930FD1DC}
		{B1A6A74B-E484-48FB-8745-7A30A06DB631} = {55A710CD-95EC-4C49-AE7D-BA5E930FD1DC}
		{0A0621F2-D1DC-47FF-B643-C6646557505E} = {12759EA5-BDF5-4888-8134-8CEB17754183}
		{0C2925AD-CD97-46FA-A686-E2C1AD19DAD8} = {55A710CD-95EC-4C49-AE7D-BA5E930FD1DC}
	EndGlobalSection
EndGlobal
